
Microsoft Visual Studio Solution File, Format Version 11.00
# Visual Studio 2010
Project("{FAE04EC0-301F-11D3-BF4B-00C04F79EFBC}") = "Emulation.Core8Bit", "Framework\Emulation.Core8Bit\Emulation.Core8Bit.csproj", "{714EA8D7-CD22-41B6-956B-C0B8076E7C30}"
EndProject
Project("{2150E333-8FDC-42A3-9474-1A3956D46DE8}") = "Framework", "Framework", "{57DA1BC1-ABF4-498A-99DA-D60A132A272D}"
EndProject
Project("{2150E333-8FDC-42A3-9474-1A3956D46DE8}") = "Tests", "Tests", "{36DA151D-7800-4816-8101-2C38E721D71B}"
EndProject
Project("{2150E333-8FDC-42A3-9474-1A3956D46DE8}") = "Atari", "Atari", "{C32557B1-9366-4061-85F9-460C1C8019F4}"
EndProject
Project("{FAE04EC0-301F-11D3-BF4B-00C04F79EFBC}") = "AtariLynx", "Atari\AtariLynx\AtariLynx.csproj", "{55628D95-A00F-4266-B784-20B81D662004}"
EndProject
Project("{FAE04EC0-301F-11D3-BF4B-00C04F79EFBC}") = "Emulation.6502", "Framework\Emulation.6502\Emulation.6502.csproj", "{244BE6E7-3086-4522-A21F-975BB9D37F0B}"
EndProject
Project("{2150E333-8FDC-42A3-9474-1A3956D46DE8}") = "Solution Items", "Solution Items", "{D0183C14-4CD1-4263-979C-28B60D490DA5}"
	ProjectSection(SolutionItems) = preProject
		AtariLynxEmulator.vsmdi = AtariLynxEmulator.vsmdi
		Breakpoints.xml = Breakpoints.xml
		Local.testsettings = Local.testsettings
		TraceAndTestImpact.testsettings = TraceAndTestImpact.testsettings
	EndProjectSection
EndProject
Project("{FAE04EC0-301F-11D3-BF4B-00C04F79EFBC}") = "AtariLynx.Tests", "Tests\AtariLynx.Tests\AtariLynx.Tests.csproj", "{EC2DDC9F-46F3-42E1-B2DC-5BB791D0C373}"
EndProject
Project("{FAE04EC0-301F-11D3-BF4B-00C04F79EFBC}") = "Emulation.6502.Tests", "Tests\Emulation.6502.Tests\Emulation.6502.Tests.csproj", "{E8C9A948-C4D9-4D26-934B-4A1BA5AC5CFC}"
EndProject
Project("{2150E333-8FDC-42A3-9474-1A3956D46DE8}") = "Components", "Components", "{9DA3D9CF-A7C9-4184-B608-9B26AFF6E8C0}"
	ProjectSection(SolutionItems) = preProject
		Components\Moq.dll = Components\Moq.dll
	EndProjectSection
EndProject
Project("{2150E333-8FDC-42A3-9474-1A3956D46DE8}") = "Clients", "Clients", "{7B840FDF-4463-4ABD-BADE-E67DDC4213B6}"
EndProject
Project("{FAE04EC0-301F-11D3-BF4B-00C04F79EFBC}") = "ConsoleClient", "Clients\ConsoleClient\ConsoleClient.csproj", "{20FFC2CF-11DF-4865-A340-8BA0B2D9C987}"
EndProject
Project("{FAE04EC0-301F-11D3-BF4B-00C04F79EFBC}") = "PcesWindows", "Clients\PaceWindows\PaceWindows\PcesWindows.csproj", "{0838352B-7576-445E-A71E-D82796D91F31}"
EndProject
Project("{FAE04EC0-301F-11D3-BF4B-00C04F79EFBC}") = "PcesContent", "Clients\PaceWindows\PaceWindowsContent\PcesContent.contentproj", "{9EAC12D0-AE9D-4969-A2E6-B1E50B41936F}"
EndProject
Project("{FAE04EC0-301F-11D3-BF4B-00C04F79EFBC}") = "PcesXbox360", "Clients\PaceWindows\PaceWindows\PcesXbox360.csproj", "{AE4F3626-2829-43C3-AF7F-B84CC944F708}"
EndProject
Project("{FAE04EC0-301F-11D3-BF4B-00C04F79EFBC}") = "PcesPhone7", "Clients\PaceWindows\PaceWindows\PcesPhone7.csproj", "{0DC744DA-D875-4571-B03A-B6D753C69817}"
EndProject
Project("{2150E333-8FDC-42A3-9474-1A3956D46DE8}") = "Tooling", "Tooling", "{50F192AA-A378-42AE-BA9E-D732B9A3B726}"
EndProject
Project("{FAE04EC0-301F-11D3-BF4B-00C04F79EFBC}") = "AtariLynx.Tooling", "Tooling\AtariLynx.Tooling\AtariLynx.Tooling.csproj", "{4C97994A-537B-427A-AEAB-D679EA0B9D5F}"
EndProject
Project("{FAE04EC0-301F-11D3-BF4B-00C04F79EFBC}") = "AtariLynx.Cryptography", "Tooling\AtariLynx.Cryptography\AtariLynx.Cryptography.csproj", "{3BAFEC86-C7FF-4AF6-A577-D116619A466E}"
EndProject
Project("{FAE04EC0-301F-11D3-BF4B-00C04F79EFBC}") = "AtariLynx.Cryptography.Tests", "Tests\AtariLynx.Cryptography.Tests\AtariLynx.Cryptography.Tests.csproj", "{811CE56B-9810-4510-91BB-C2971C576B2B}"
EndProject
Project("{FAE04EC0-301F-11D3-BF4B-00C04F79EFBC}") = "Emulation.93XX", "Framework\Emulation.93XX\Emulation.93XX.csproj", "{687F3F48-65FB-4B13-9105-7892AA211A0E}"
EndProject
Project("{FAE04EC0-301F-11D3-BF4B-00C04F79EFBC}") = "Emulation.93XX.Tests", "Tests\Emulation.93XX.Tests\Emulation.93XX.Tests.csproj", "{A417A5A3-C12F-4092-B63F-46C204C197E7}"
EndProject
Global
	GlobalSection(TeamFoundationVersionControl) = preSolution
		SccNumberOfProjects = 17
		SccEnterpriseProvider = {4CA58AB2-18FA-4F8D-95D4-32DDF27D184C}
		SccTeamFoundationServer = https://tfs.codeplex.com/tfs/tfs01
		SccLocalPath0 = .
		SccProjectUniqueName1 = Atari\\AtariLynx\\AtariLynx.csproj
		SccProjectTopLevelParentUniqueName1 = AtariLynxEmulator.sln
		SccProjectName1 = Atari/AtariLynx
		SccLocalPath1 = Atari\\AtariLynx
		SccProjectUniqueName2 = Framework\\Emulation.6502\\Emulation.6502.csproj
		SccProjectTopLevelParentUniqueName2 = AtariLynxEmulator.sln
		SccProjectName2 = Framework/Emulation.6502
		SccLocalPath2 = Framework\\Emulation.6502
		SccProjectUniqueName3 = Framework\\Emulation.Core8Bit\\Emulation.Core8Bit.csproj
		SccProjectTopLevelParentUniqueName3 = AtariLynxEmulator.sln
		SccProjectName3 = Framework/Emulation.Core8Bit
		SccLocalPath3 = Framework\\Emulation.Core8Bit
		SccProjectUniqueName4 = Tests\\AtariLynx.Tests\\AtariLynx.Tests.csproj
		SccProjectTopLevelParentUniqueName4 = AtariLynxEmulator.sln
		SccProjectName4 = Tests/AtariLynx.Tests
		SccLocalPath4 = Tests\\AtariLynx.Tests
		SccProjectUniqueName5 = Tests\\Emulation.6502.Tests\\Emulation.6502.Tests.csproj
		SccProjectTopLevelParentUniqueName5 = AtariLynxEmulator.sln
		SccProjectName5 = Tests/Emulation.6502.Tests
		SccLocalPath5 = Tests\\Emulation.6502.Tests
		SccProjectUniqueName6 = Clients\\ConsoleClient\\ConsoleClient.csproj
		SccProjectTopLevelParentUniqueName6 = AtariLynxEmulator.sln
		SccProjectName6 = Clients/ConsoleClient
		SccLocalPath6 = Clients\\ConsoleClient
		SccProjectUniqueName7 = Clients\\PaceWindows\\PaceWindows\\PcesWindows.csproj
		SccProjectTopLevelParentUniqueName7 = AtariLynxEmulator.sln
		SccProjectName7 = Clients/PaceWindows/PaceWindows
		SccLocalPath7 = Clients\\PaceWindows\\PaceWindows
		SccProjectUniqueName8 = Clients\\PaceWindows\\PaceWindowsContent\\PcesContent.contentproj
		SccProjectTopLevelParentUniqueName8 = AtariLynxEmulator.sln
		SccProjectName8 = Clients/PaceWindows/PaceWindowsContent
		SccLocalPath8 = Clients\\PaceWindows\\PaceWindowsContent
		SccProjectUniqueName9 = Clients\\PaceWindows\\PaceWindows\\PcesXbox360.csproj
		SccProjectTopLevelParentUniqueName9 = AtariLynxEmulator.sln
		SccProjectName9 = Clients/PaceWindows/PaceWindows
		SccLocalPath9 = Clients\\PaceWindows\\PaceWindows
		SccProjectUniqueName10 = Clients\\PaceWindows\\PaceWindows\\PcesPhone7.csproj
		SccProjectTopLevelParentUniqueName10 = AtariLynxEmulator.sln
		SccProjectName10 = Clients/PaceWindows/PaceWindows
		SccLocalPath10 = Clients\\PaceWindows\\PaceWindows
		SccProjectUniqueName11 = Tooling\\AtariLynx.Tooling\\AtariLynx.Tooling.csproj
		SccProjectTopLevelParentUniqueName11 = AtariLynxEmulator.sln
		SccProjectName11 = Tooling/AtariLynx.Tooling
		SccLocalPath11 = Tooling\\AtariLynx.Tooling
		SccProjectUniqueName12 = Tooling\\AtariLynx.Build\\AtariLynx.Build.csproj
		SccProjectTopLevelParentUniqueName12 = AtariLynxEmulator.sln
		SccProjectName12 = Tooling/AtariLynx.Build
		SccLocalPath12 = Tooling\\AtariLynx.Build
		SccProjectUniqueName13 = Tooling\\AtariLynx.Cryptography\\AtariLynx.Cryptography.csproj
		SccProjectTopLevelParentUniqueName13 = AtariLynxEmulator.sln
		SccProjectName13 = Tooling/AtariLynx.Cryptography
		SccLocalPath13 = Tooling\\AtariLynx.Cryptography
		SccProjectUniqueName14 = Tests\\AtariLynx.Cryptography.Tests\\AtariLynx.Cryptography.Tests.csproj
		SccProjectTopLevelParentUniqueName14 = AtariLynxEmulator.sln
		SccProjectName14 = Tests/AtariLynx.Cryptography.Tests
		SccLocalPath14 = Tests\\AtariLynx.Cryptography.Tests
		SccProjectUniqueName15 = Framework\\Emulation.93CXX\\Emulation.93CXX.csproj
		SccProjectTopLevelParentUniqueName15 = AtariLynxEmulator.sln
		SccProjectName15 = Framework/Emulation.93CXX
		SccLocalPath15 = Framework\\Emulation.93CXX
		SccProjectUniqueName16 = Tests\\Emulation.93CXX.Tests\\Emulation.93CXX.Tests.csproj
		SccProjectTopLevelParentUniqueName16 = AtariLynxEmulator.sln
		SccProjectName16 = Tests/Emulation.93CXX.Tests
		SccLocalPath16 = Tests\\Emulation.93CXX.Tests
	EndGlobalSection
	GlobalSection(TestCaseManagementSettings) = postSolution
		CategoryFile = AtariLynxEmulator.vsmdi
	EndGlobalSection
	GlobalSection(SolutionConfigurationPlatforms) = preSolution
		Debug|Any CPU = Debug|Any CPU
		Debug|Mixed Platforms = Debug|Mixed Platforms
		Debug|Windows Phone = Debug|Windows Phone
		Debug|x86 = Debug|x86
		Debug|Xbox 360 = Debug|Xbox 360
		Release|Any CPU = Release|Any CPU
		Release|Mixed Platforms = Release|Mixed Platforms
		Release|Windows Phone = Release|Windows Phone
		Release|x86 = Release|x86
		Release|Xbox 360 = Release|Xbox 360
	EndGlobalSection
	GlobalSection(ProjectConfigurationPlatforms) = postSolution
		{714EA8D7-CD22-41B6-956B-C0B8076E7C30}.Debug|Any CPU.ActiveCfg = Debug|Any CPU
		{714EA8D7-CD22-41B6-956B-C0B8076E7C30}.Debug|Any CPU.Build.0 = Debug|Any CPU
		{714EA8D7-CD22-41B6-956B-C0B8076E7C30}.Debug|Mixed Platforms.ActiveCfg = Debug|Any CPU
		{714EA8D7-CD22-41B6-956B-C0B8076E7C30}.Debug|Mixed Platforms.Build.0 = Debug|Any CPU
		{714EA8D7-CD22-41B6-956B-C0B8076E7C30}.Debug|Windows Phone.ActiveCfg = Debug|Any CPU
		{714EA8D7-CD22-41B6-956B-C0B8076E7C30}.Debug|x86.ActiveCfg = Debug|Any CPU
		{714EA8D7-CD22-41B6-956B-C0B8076E7C30}.Debug|Xbox 360.ActiveCfg = Debug|Any CPU
		{714EA8D7-CD22-41B6-956B-C0B8076E7C30}.Release|Any CPU.ActiveCfg = Release|Any CPU
		{714EA8D7-CD22-41B6-956B-C0B8076E7C30}.Release|Any CPU.Build.0 = Release|Any CPU
		{714EA8D7-CD22-41B6-956B-C0B8076E7C30}.Release|Mixed Platforms.ActiveCfg = Release|Any CPU
		{714EA8D7-CD22-41B6-956B-C0B8076E7C30}.Release|Mixed Platforms.Build.0 = Release|Any CPU
		{714EA8D7-CD22-41B6-956B-C0B8076E7C30}.Release|Windows Phone.ActiveCfg = Release|Any CPU
		{714EA8D7-CD22-41B6-956B-C0B8076E7C30}.Release|x86.ActiveCfg = Release|Any CPU
		{714EA8D7-CD22-41B6-956B-C0B8076E7C30}.Release|Xbox 360.ActiveCfg = Release|Any CPU
		{714EA8D7-CD22-41B6-956B-C0B8076E7C30}.Release|Xbox 360.Build.0 = Release|Any CPU
		{55628D95-A00F-4266-B784-20B81D662004}.Debug|Any CPU.ActiveCfg = Debug|Any CPU
		{55628D95-A00F-4266-B784-20B81D662004}.Debug|Any CPU.Build.0 = Debug|Any CPU
		{55628D95-A00F-4266-B784-20B81D662004}.Debug|Mixed Platforms.ActiveCfg = Debug|Any CPU
		{55628D95-A00F-4266-B784-20B81D662004}.Debug|Mixed Platforms.Build.0 = Debug|Any CPU
		{55628D95-A00F-4266-B784-20B81D662004}.Debug|Windows Phone.ActiveCfg = Debug|Any CPU
		{55628D95-A00F-4266-B784-20B81D662004}.Debug|x86.ActiveCfg = Debug|Any CPU
		{55628D95-A00F-4266-B784-20B81D662004}.Debug|Xbox 360.ActiveCfg = Debug|Any CPU
		{55628D95-A00F-4266-B784-20B81D662004}.Release|Any CPU.ActiveCfg = Release|Any CPU
		{55628D95-A00F-4266-B784-20B81D662004}.Release|Any CPU.Build.0 = Release|Any CPU
		{55628D95-A00F-4266-B784-20B81D662004}.Release|Mixed Platforms.ActiveCfg = Release|Any CPU
		{55628D95-A00F-4266-B784-20B81D662004}.Release|Mixed Platforms.Build.0 = Release|Any CPU
		{55628D95-A00F-4266-B784-20B81D662004}.Release|Windows Phone.ActiveCfg = Release|Any CPU
		{55628D95-A00F-4266-B784-20B81D662004}.Release|x86.ActiveCfg = Release|Any CPU
		{55628D95-A00F-4266-B784-20B81D662004}.Release|Xbox 360.ActiveCfg = Release|Any CPU
		{55628D95-A00F-4266-B784-20B81D662004}.Release|Xbox 360.Build.0 = Release|Any CPU
		{244BE6E7-3086-4522-A21F-975BB9D37F0B}.Debug|Any CPU.ActiveCfg = Debug|Any CPU
		{244BE6E7-3086-4522-A21F-975BB9D37F0B}.Debug|Any CPU.Build.0 = Debug|Any CPU
		{244BE6E7-3086-4522-A21F-975BB9D37F0B}.Debug|Mixed Platforms.ActiveCfg = Debug|Any CPU
		{244BE6E7-3086-4522-A21F-975BB9D37F0B}.Debug|Mixed Platforms.Build.0 = Debug|Any CPU
		{244BE6E7-3086-4522-A21F-975BB9D37F0B}.Debug|Windows Phone.ActiveCfg = Debug|Any CPU
		{244BE6E7-3086-4522-A21F-975BB9D37F0B}.Debug|x86.ActiveCfg = Debug|Any CPU
		{244BE6E7-3086-4522-A21F-975BB9D37F0B}.Debug|Xbox 360.ActiveCfg = Debug|Any CPU
		{244BE6E7-3086-4522-A21F-975BB9D37F0B}.Release|Any CPU.ActiveCfg = Release|Any CPU
		{244BE6E7-3086-4522-A21F-975BB9D37F0B}.Release|Any CPU.Build.0 = Release|Any CPU
		{244BE6E7-3086-4522-A21F-975BB9D37F0B}.Release|Mixed Platforms.ActiveCfg = Release|Any CPU
		{244BE6E7-3086-4522-A21F-975BB9D37F0B}.Release|Mixed Platforms.Build.0 = Release|Any CPU
		{244BE6E7-3086-4522-A21F-975BB9D37F0B}.Release|Windows Phone.ActiveCfg = Release|Any CPU
		{244BE6E7-3086-4522-A21F-975BB9D37F0B}.Release|x86.ActiveCfg = Release|Any CPU
		{244BE6E7-3086-4522-A21F-975BB9D37F0B}.Release|Xbox 360.ActiveCfg = Release|Any CPU
		{244BE6E7-3086-4522-A21F-975BB9D37F0B}.Release|Xbox 360.Build.0 = Release|Any CPU
		{EC2DDC9F-46F3-42E1-B2DC-5BB791D0C373}.Debug|Any CPU.ActiveCfg = Debug|Any CPU
		{EC2DDC9F-46F3-42E1-B2DC-5BB791D0C373}.Debug|Any CPU.Build.0 = Debug|Any CPU
		{EC2DDC9F-46F3-42E1-B2DC-5BB791D0C373}.Debug|Mixed Platforms.ActiveCfg = Debug|Any CPU
		{EC2DDC9F-46F3-42E1-B2DC-5BB791D0C373}.Debug|Mixed Platforms.Build.0 = Debug|Any CPU
		{EC2DDC9F-46F3-42E1-B2DC-5BB791D0C373}.Debug|Windows Phone.ActiveCfg = Debug|Any CPU
		{EC2DDC9F-46F3-42E1-B2DC-5BB791D0C373}.Debug|x86.ActiveCfg = Debug|Any CPU
		{EC2DDC9F-46F3-42E1-B2DC-5BB791D0C373}.Debug|Xbox 360.ActiveCfg = Debug|Any CPU
		{EC2DDC9F-46F3-42E1-B2DC-5BB791D0C373}.Release|Any CPU.ActiveCfg = Release|Any CPU
		{EC2DDC9F-46F3-42E1-B2DC-5BB791D0C373}.Release|Any CPU.Build.0 = Release|Any CPU
		{EC2DDC9F-46F3-42E1-B2DC-5BB791D0C373}.Release|Mixed Platforms.ActiveCfg = Release|Any CPU
		{EC2DDC9F-46F3-42E1-B2DC-5BB791D0C373}.Release|Mixed Platforms.Build.0 = Release|Any CPU
		{EC2DDC9F-46F3-42E1-B2DC-5BB791D0C373}.Release|Windows Phone.ActiveCfg = Release|Any CPU
		{EC2DDC9F-46F3-42E1-B2DC-5BB791D0C373}.Release|x86.ActiveCfg = Release|Any CPU
		{EC2DDC9F-46F3-42E1-B2DC-5BB791D0C373}.Release|Xbox 360.ActiveCfg = Release|Any CPU
		{E8C9A948-C4D9-4D26-934B-4A1BA5AC5CFC}.Debug|Any CPU.ActiveCfg = Debug|Any CPU
		{E8C9A948-C4D9-4D26-934B-4A1BA5AC5CFC}.Debug|Any CPU.Build.0 = Debug|Any CPU
		{E8C9A948-C4D9-4D26-934B-4A1BA5AC5CFC}.Debug|Mixed Platforms.ActiveCfg = Debug|Any CPU
		{E8C9A948-C4D9-4D26-934B-4A1BA5AC5CFC}.Debug|Mixed Platforms.Build.0 = Debug|Any CPU
		{E8C9A948-C4D9-4D26-934B-4A1BA5AC5CFC}.Debug|Windows Phone.ActiveCfg = Debug|Any CPU
		{E8C9A948-C4D9-4D26-934B-4A1BA5AC5CFC}.Debug|x86.ActiveCfg = Debug|Any CPU
		{E8C9A948-C4D9-4D26-934B-4A1BA5AC5CFC}.Debug|Xbox 360.ActiveCfg = Debug|Any CPU
		{E8C9A948-C4D9-4D26-934B-4A1BA5AC5CFC}.Release|Any CPU.ActiveCfg = Release|Any CPU
		{E8C9A948-C4D9-4D26-934B-4A1BA5AC5CFC}.Release|Any CPU.Build.0 = Release|Any CPU
		{E8C9A948-C4D9-4D26-934B-4A1BA5AC5CFC}.Release|Mixed Platforms.ActiveCfg = Release|Any CPU
		{E8C9A948-C4D9-4D26-934B-4A1BA5AC5CFC}.Release|Mixed Platforms.Build.0 = Release|Any CPU
		{E8C9A948-C4D9-4D26-934B-4A1BA5AC5CFC}.Release|Windows Phone.ActiveCfg = Release|Any CPU
		{E8C9A948-C4D9-4D26-934B-4A1BA5AC5CFC}.Release|x86.ActiveCfg = Release|Any CPU
		{E8C9A948-C4D9-4D26-934B-4A1BA5AC5CFC}.Release|Xbox 360.ActiveCfg = Release|Any CPU
		{20FFC2CF-11DF-4865-A340-8BA0B2D9C987}.Debug|Any CPU.ActiveCfg = Debug|x86
		{20FFC2CF-11DF-4865-A340-8BA0B2D9C987}.Debug|Mixed Platforms.ActiveCfg = Debug|x86
		{20FFC2CF-11DF-4865-A340-8BA0B2D9C987}.Debug|Mixed Platforms.Build.0 = Debug|x86
		{20FFC2CF-11DF-4865-A340-8BA0B2D9C987}.Debug|Windows Phone.ActiveCfg = Debug|x86
		{20FFC2CF-11DF-4865-A340-8BA0B2D9C987}.Debug|x86.ActiveCfg = Debug|x86
		{20FFC2CF-11DF-4865-A340-8BA0B2D9C987}.Debug|x86.Build.0 = Debug|x86
		{20FFC2CF-11DF-4865-A340-8BA0B2D9C987}.Debug|Xbox 360.ActiveCfg = Debug|x86
		{20FFC2CF-11DF-4865-A340-8BA0B2D9C987}.Release|Any CPU.ActiveCfg = Release|x86
		{20FFC2CF-11DF-4865-A340-8BA0B2D9C987}.Release|Mixed Platforms.ActiveCfg = Release|x86
		{20FFC2CF-11DF-4865-A340-8BA0B2D9C987}.Release|Mixed Platforms.Build.0 = Release|x86
		{20FFC2CF-11DF-4865-A340-8BA0B2D9C987}.Release|Windows Phone.ActiveCfg = Release|x86
		{20FFC2CF-11DF-4865-A340-8BA0B2D9C987}.Release|x86.ActiveCfg = Release|x86
		{20FFC2CF-11DF-4865-A340-8BA0B2D9C987}.Release|x86.Build.0 = Release|x86
		{20FFC2CF-11DF-4865-A340-8BA0B2D9C987}.Release|Xbox 360.ActiveCfg = Release|x86
		{0838352B-7576-445E-A71E-D82796D91F31}.Debug|Any CPU.ActiveCfg = Debug|x86
		{0838352B-7576-445E-A71E-D82796D91F31}.Debug|Mixed Platforms.ActiveCfg = Debug|x86
		{0838352B-7576-445E-A71E-D82796D91F31}.Debug|Mixed Platforms.Build.0 = Debug|x86
		{0838352B-7576-445E-A71E-D82796D91F31}.Debug|Windows Phone.ActiveCfg = Debug|x86
		{0838352B-7576-445E-A71E-D82796D91F31}.Debug|Windows Phone.Build.0 = Debug|x86
		{0838352B-7576-445E-A71E-D82796D91F31}.Debug|x86.ActiveCfg = Debug|x86
		{0838352B-7576-445E-A71E-D82796D91F31}.Debug|x86.Build.0 = Debug|x86
		{0838352B-7576-445E-A71E-D82796D91F31}.Debug|Xbox 360.ActiveCfg = Debug|x86
		{0838352B-7576-445E-A71E-D82796D91F31}.Debug|Xbox 360.Build.0 = Debug|x86
		{0838352B-7576-445E-A71E-D82796D91F31}.Release|Any CPU.ActiveCfg = Release|x86
		{0838352B-7576-445E-A71E-D82796D91F31}.Release|Mixed Platforms.ActiveCfg = Release|x86
		{0838352B-7576-445E-A71E-D82796D91F31}.Release|Mixed Platforms.Build.0 = Release|x86
		{0838352B-7576-445E-A71E-D82796D91F31}.Release|Windows Phone.ActiveCfg = Release|x86
		{0838352B-7576-445E-A71E-D82796D91F31}.Release|Windows Phone.Build.0 = Release|x86
		{0838352B-7576-445E-A71E-D82796D91F31}.Release|x86.ActiveCfg = Release|x86
		{0838352B-7576-445E-A71E-D82796D91F31}.Release|x86.Build.0 = Release|x86
		{0838352B-7576-445E-A71E-D82796D91F31}.Release|x86.Deploy.0 = Release|x86
		{0838352B-7576-445E-A71E-D82796D91F31}.Release|Xbox 360.ActiveCfg = Release|x86
		{9EAC12D0-AE9D-4969-A2E6-B1E50B41936F}.Debug|Any CPU.ActiveCfg = Debug|x86
		{9EAC12D0-AE9D-4969-A2E6-B1E50B41936F}.Debug|Mixed Platforms.ActiveCfg = Debug|x86
		{9EAC12D0-AE9D-4969-A2E6-B1E50B41936F}.Debug|Windows Phone.ActiveCfg = Debug|x86
		{9EAC12D0-AE9D-4969-A2E6-B1E50B41936F}.Debug|x86.ActiveCfg = Debug|x86
		{9EAC12D0-AE9D-4969-A2E6-B1E50B41936F}.Debug|Xbox 360.ActiveCfg = Debug|x86
		{9EAC12D0-AE9D-4969-A2E6-B1E50B41936F}.Release|Any CPU.ActiveCfg = Release|x86
		{9EAC12D0-AE9D-4969-A2E6-B1E50B41936F}.Release|Mixed Platforms.ActiveCfg = Release|x86
		{9EAC12D0-AE9D-4969-A2E6-B1E50B41936F}.Release|Windows Phone.ActiveCfg = Release|x86
		{9EAC12D0-AE9D-4969-A2E6-B1E50B41936F}.Release|x86.ActiveCfg = Release|x86
		{9EAC12D0-AE9D-4969-A2E6-B1E50B41936F}.Release|Xbox 360.ActiveCfg = Release|x86
		{AE4F3626-2829-43C3-AF7F-B84CC944F708}.Debug|Any CPU.ActiveCfg = Debug|Xbox 360
		{AE4F3626-2829-43C3-AF7F-B84CC944F708}.Debug|Mixed Platforms.ActiveCfg = Debug|Xbox 360
		{AE4F3626-2829-43C3-AF7F-B84CC944F708}.Debug|Mixed Platforms.Build.0 = Debug|Xbox 360
		{AE4F3626-2829-43C3-AF7F-B84CC944F708}.Debug|Windows Phone.ActiveCfg = Debug|Xbox 360
		{AE4F3626-2829-43C3-AF7F-B84CC944F708}.Debug|Windows Phone.Build.0 = Debug|Xbox 360
		{AE4F3626-2829-43C3-AF7F-B84CC944F708}.Debug|x86.ActiveCfg = Debug|Xbox 360
		{AE4F3626-2829-43C3-AF7F-B84CC944F708}.Debug|Xbox 360.ActiveCfg = Debug|Xbox 360
		{AE4F3626-2829-43C3-AF7F-B84CC944F708}.Debug|Xbox 360.Build.0 = Debug|Xbox 360
		{AE4F3626-2829-43C3-AF7F-B84CC944F708}.Debug|Xbox 360.Deploy.0 = Debug|Xbox 360
		{AE4F3626-2829-43C3-AF7F-B84CC944F708}.Release|Any CPU.ActiveCfg = Release|Xbox 360
		{AE4F3626-2829-43C3-AF7F-B84CC944F708}.Release|Mixed Platforms.ActiveCfg = Release|Xbox 360
		{AE4F3626-2829-43C3-AF7F-B84CC944F708}.Release|Mixed Platforms.Build.0 = Release|Xbox 360
		{AE4F3626-2829-43C3-AF7F-B84CC944F708}.Release|Windows Phone.ActiveCfg = Release|Xbox 360
		{AE4F3626-2829-43C3-AF7F-B84CC944F708}.Release|Windows Phone.Build.0 = Release|Xbox 360
		{AE4F3626-2829-43C3-AF7F-B84CC944F708}.Release|x86.ActiveCfg = Release|Xbox 360
		{AE4F3626-2829-43C3-AF7F-B84CC944F708}.Release|Xbox 360.ActiveCfg = Release|Xbox 360
		{AE4F3626-2829-43C3-AF7F-B84CC944F708}.Release|Xbox 360.Build.0 = Release|Xbox 360
		{AE4F3626-2829-43C3-AF7F-B84CC944F708}.Release|Xbox 360.Deploy.0 = Release|Xbox 360
		{0DC744DA-D875-4571-B03A-B6D753C69817}.Debug|Any CPU.ActiveCfg = Debug|Windows Phone
		{0DC744DA-D875-4571-B03A-B6D753C69817}.Debug|Mixed Platforms.ActiveCfg = Debug|Windows Phone
		{0DC744DA-D875-4571-B03A-B6D753C69817}.Debug|Mixed Platforms.Build.0 = Debug|Windows Phone
		{0DC744DA-D875-4571-B03A-B6D753C69817}.Debug|Windows Phone.ActiveCfg = Debug|Windows Phone
		{0DC744DA-D875-4571-B03A-B6D753C69817}.Debug|Windows Phone.Build.0 = Debug|Windows Phone
		{0DC744DA-D875-4571-B03A-B6D753C69817}.Debug|Windows Phone.Deploy.0 = Debug|Windows Phone
		{0DC744DA-D875-4571-B03A-B6D753C69817}.Debug|x86.ActiveCfg = Debug|Windows Phone
		{0DC744DA-D875-4571-B03A-B6D753C69817}.Debug|Xbox 360.ActiveCfg = Debug|Windows Phone
		{0DC744DA-D875-4571-B03A-B6D753C69817}.Release|Any CPU.ActiveCfg = Release|Windows Phone
		{0DC744DA-D875-4571-B03A-B6D753C69817}.Release|Mixed Platforms.ActiveCfg = Release|Windows Phone
		{0DC744DA-D875-4571-B03A-B6D753C69817}.Release|Mixed Platforms.Build.0 = Release|Windows Phone
		{0DC744DA-D875-4571-B03A-B6D753C69817}.Release|Windows Phone.ActiveCfg = Release|Windows Phone
		{0DC744DA-D875-4571-B03A-B6D753C69817}.Release|Windows Phone.Build.0 = Release|Windows Phone
		{0DC744DA-D875-4571-B03A-B6D753C69817}.Release|Windows Phone.Deploy.0 = Release|Windows Phone
		{0DC744DA-D875-4571-B03A-B6D753C69817}.Release|x86.ActiveCfg = Release|Windows Phone
		{0DC744DA-D875-4571-B03A-B6D753C69817}.Release|Xbox 360.ActiveCfg = Release|Windows Phone
		{4C97994A-537B-427A-AEAB-D679EA0B9D5F}.Debug|Any CPU.ActiveCfg = Debug|Any CPU
		{4C97994A-537B-427A-AEAB-D679EA0B9D5F}.Debug|Any CPU.Build.0 = Debug|Any CPU
		{4C97994A-537B-427A-AEAB-D679EA0B9D5F}.Debug|Mixed Platforms.ActiveCfg = Debug|Any CPU
		{4C97994A-537B-427A-AEAB-D679EA0B9D5F}.Debug|Mixed Platforms.Build.0 = Debug|Any CPU
		{4C97994A-537B-427A-AEAB-D679EA0B9D5F}.Debug|Windows Phone.ActiveCfg = Debug|Any CPU
		{4C97994A-537B-427A-AEAB-D679EA0B9D5F}.Debug|x86.ActiveCfg = Debug|Any CPU
		{4C97994A-537B-427A-AEAB-D679EA0B9D5F}.Debug|Xbox 360.ActiveCfg = Debug|Any CPU
		{4C97994A-537B-427A-AEAB-D679EA0B9D5F}.Release|Any CPU.ActiveCfg = Release|Any CPU
		{4C97994A-537B-427A-AEAB-D679EA0B9D5F}.Release|Any CPU.Build.0 = Release|Any CPU
		{4C97994A-537B-427A-AEAB-D679EA0B9D5F}.Release|Mixed Platforms.ActiveCfg = Release|Any CPU
		{4C97994A-537B-427A-AEAB-D679EA0B9D5F}.Release|Mixed Platforms.Build.0 = Release|Any CPU
		{4C97994A-537B-427A-AEAB-D679EA0B9D5F}.Release|Windows Phone.ActiveCfg = Release|Any CPU
		{4C97994A-537B-427A-AEAB-D679EA0B9D5F}.Release|x86.ActiveCfg = Release|Any CPU
		{4C97994A-537B-427A-AEAB-D679EA0B9D5F}.Release|Xbox 360.ActiveCfg = Release|Any CPU
		{3BAFEC86-C7FF-4AF6-A577-D116619A466E}.Debug|Any CPU.ActiveCfg = Debug|Any CPU
		{3BAFEC86-C7FF-4AF6-A577-D116619A466E}.Debug|Any CPU.Build.0 = Debug|Any CPU
		{3BAFEC86-C7FF-4AF6-A577-D116619A466E}.Debug|Mixed Platforms.ActiveCfg = Debug|Any CPU
		{3BAFEC86-C7FF-4AF6-A577-D116619A466E}.Debug|Mixed Platforms.Build.0 = Debug|Any CPU
		{3BAFEC86-C7FF-4AF6-A577-D116619A466E}.Debug|Windows Phone.ActiveCfg = Debug|Any CPU
		{3BAFEC86-C7FF-4AF6-A577-D116619A466E}.Debug|x86.ActiveCfg = Debug|Any CPU
		{3BAFEC86-C7FF-4AF6-A577-D116619A466E}.Debug|Xbox 360.ActiveCfg = Debug|Any CPU
		{3BAFEC86-C7FF-4AF6-A577-D116619A466E}.Release|Any CPU.ActiveCfg = Release|Any CPU
		{3BAFEC86-C7FF-4AF6-A577-D116619A466E}.Release|Any CPU.Build.0 = Release|Any CPU
		{3BAFEC86-C7FF-4AF6-A577-D116619A466E}.Release|Mixed Platforms.ActiveCfg = Release|Any CPU
		{3BAFEC86-C7FF-4AF6-A577-D116619A466E}.Release|Mixed Platforms.Build.0 = Release|Any CPU
		{3BAFEC86-C7FF-4AF6-A577-D116619A466E}.Release|Windows Phone.ActiveCfg = Release|Any CPU
		{3BAFEC86-C7FF-4AF6-A577-D116619A466E}.Release|x86.ActiveCfg = Release|Any CPU
		{3BAFEC86-C7FF-4AF6-A577-D116619A466E}.Release|Xbox 360.ActiveCfg = Release|Any CPU
		{811CE56B-9810-4510-91BB-C2971C576B2B}.Debug|Any CPU.ActiveCfg = Debug|Any CPU
		{811CE56B-9810-4510-91BB-C2971C576B2B}.Debug|Any CPU.Build.0 = Debug|Any CPU
		{811CE56B-9810-4510-91BB-C2971C576B2B}.Debug|Mixed Platforms.ActiveCfg = Debug|Any CPU
		{811CE56B-9810-4510-91BB-C2971C576B2B}.Debug|Mixed Platforms.Build.0 = Debug|Any CPU
		{811CE56B-9810-4510-91BB-C2971C576B2B}.Debug|Windows Phone.ActiveCfg = Debug|Any CPU
		{811CE56B-9810-4510-91BB-C2971C576B2B}.Debug|x86.ActiveCfg = Debug|Any CPU
		{811CE56B-9810-4510-91BB-C2971C576B2B}.Debug|Xbox 360.ActiveCfg = Debug|Any CPU
		{811CE56B-9810-4510-91BB-C2971C576B2B}.Release|Any CPU.ActiveCfg = Release|Any CPU
		{811CE56B-9810-4510-91BB-C2971C576B2B}.Release|Any CPU.Build.0 = Release|Any CPU
		{811CE56B-9810-4510-91BB-C2971C576B2B}.Release|Mixed Platforms.ActiveCfg = Release|Any CPU
		{811CE56B-9810-4510-91BB-C2971C576B2B}.Release|Mixed Platforms.Build.0 = Release|Any CPU
		{811CE56B-9810-4510-91BB-C2971C576B2B}.Release|Windows Phone.ActiveCfg = Release|Any CPU
		{811CE56B-9810-4510-91BB-C2971C576B2B}.Release|x86.ActiveCfg = Release|Any CPU
		{811CE56B-9810-4510-91BB-C2971C576B2B}.Release|Xbox 360.ActiveCfg = Release|Any CPU
		{687F3F48-65FB-4B13-9105-7892AA211A0E}.Debug|Any CPU.ActiveCfg = Debug|Any CPU
		{687F3F48-65FB-4B13-9105-7892AA211A0E}.Debug|Any CPU.Build.0 = Debug|Any CPU
		{687F3F48-65FB-4B13-9105-7892AA211A0E}.Debug|Mixed Platforms.ActiveCfg = Debug|Any CPU
		{687F3F48-65FB-4B13-9105-7892AA211A0E}.Debug|Mixed Platforms.Build.0 = Debug|Any CPU
		{687F3F48-65FB-4B13-9105-7892AA211A0E}.Debug|Windows Phone.ActiveCfg = Debug|Any CPU
		{687F3F48-65FB-4B13-9105-7892AA211A0E}.Debug|x86.ActiveCfg = Debug|Any CPU
		{687F3F48-65FB-4B13-9105-7892AA211A0E}.Debug|Xbox 360.ActiveCfg = Debug|Any CPU
		{687F3F48-65FB-4B13-9105-7892AA211A0E}.Release|Any CPU.ActiveCfg = Release|Any CPU
		{687F3F48-65FB-4B13-9105-7892AA211A0E}.Release|Any CPU.Build.0 = Release|Any CPU
		{687F3F48-65FB-4B13-9105-7892AA211A0E}.Release|Mixed Platforms.ActiveCfg = Release|Any CPU
		{687F3F48-65FB-4B13-9105-7892AA211A0E}.Release|Mixed Platforms.Build.0 = Release|Any CPU
		{687F3F48-65FB-4B13-9105-7892AA211A0E}.Release|Windows Phone.ActiveCfg = Release|Any CPU
		{687F3F48-65FB-4B13-9105-7892AA211A0E}.Release|x86.ActiveCfg = Release|Any CPU
		{687F3F48-65FB-4B13-9105-7892AA211A0E}.Release|Xbox 360.ActiveCfg = Release|Any CPU
		{A417A5A3-C12F-4092-B63F-46C204C197E7}.Debug|Any CPU.ActiveCfg = Debug|Any CPU
		{A417A5A3-C12F-4092-B63F-46C204C197E7}.Debug|Any CPU.Build.0 = Debug|Any CPU
		{A417A5A3-C12F-4092-B63F-46C204C197E7}.Debug|Mixed Platforms.ActiveCfg = Debug|Any CPU
		{A417A5A3-C12F-4092-B63F-46C204C197E7}.Debug|Mixed Platforms.Build.0 = Debug|Any CPU
		{A417A5A3-C12F-4092-B63F-46C204C197E7}.Debug|Windows Phone.ActiveCfg = Debug|Any CPU
		{A417A5A3-C12F-4092-B63F-46C204C197E7}.Debug|x86.ActiveCfg = Debug|Any CPU
		{A417A5A3-C12F-4092-B63F-46C204C197E7}.Debug|Xbox 360.ActiveCfg = Debug|Any CPU
		{A417A5A3-C12F-4092-B63F-46C204C197E7}.Release|Any CPU.ActiveCfg = Release|Any CPU
		{A417A5A3-C12F-4092-B63F-46C204C197E7}.Release|Any CPU.Build.0 = Release|Any CPU
		{A417A5A3-C12F-4092-B63F-46C204C197E7}.Release|Mixed Platforms.ActiveCfg = Release|Any CPU
		{A417A5A3-C12F-4092-B63F-46C204C197E7}.Release|Mixed Platforms.Build.0 = Release|Any CPU
		{A417A5A3-C12F-4092-B63F-46C204C197E7}.Release|Windows Phone.ActiveCfg = Release|Any CPU
		{A417A5A3-C12F-4092-B63F-46C204C197E7}.Release|x86.ActiveCfg = Release|Any CPU
		{A417A5A3-C12F-4092-B63F-46C204C197E7}.Release|Xbox 360.ActiveCfg = Release|Any CPU
	EndGlobalSection
	GlobalSection(SolutionProperties) = preSolution
		HideSolutionNode = FALSE
	EndGlobalSection
	GlobalSection(NestedProjects) = preSolution
		{714EA8D7-CD22-41B6-956B-C0B8076E7C30} = {57DA1BC1-ABF4-498A-99DA-D60A132A272D}
		{244BE6E7-3086-4522-A21F-975BB9D37F0B} = {57DA1BC1-ABF4-498A-99DA-D60A132A272D}
		{687F3F48-65FB-4B13-9105-7892AA211A0E} = {57DA1BC1-ABF4-498A-99DA-D60A132A272D}
		{EC2DDC9F-46F3-42E1-B2DC-5BB791D0C373} = {36DA151D-7800-4816-8101-2C38E721D71B}
		{E8C9A948-C4D9-4D26-934B-4A1BA5AC5CFC} = {36DA151D-7800-4816-8101-2C38E721D71B}
		{811CE56B-9810-4510-91BB-C2971C576B2B} = {36DA151D-7800-4816-8101-2C38E721D71B}
		{A417A5A3-C12F-4092-B63F-46C204C197E7} = {36DA151D-7800-4816-8101-2C38E721D71B}
		{55628D95-A00F-4266-B784-20B81D662004} = {C32557B1-9366-4061-85F9-460C1C8019F4}
		{20FFC2CF-11DF-4865-A340-8BA0B2D9C987} = {7B840FDF-4463-4ABD-BADE-E67DDC4213B6}
		{0838352B-7576-445E-A71E-D82796D91F31} = {7B840FDF-4463-4ABD-BADE-E67DDC4213B6}
		{9EAC12D0-AE9D-4969-A2E6-B1E50B41936F} = {7B840FDF-4463-4ABD-BADE-E67DDC4213B6}
		{AE4F3626-2829-43C3-AF7F-B84CC944F708} = {7B840FDF-4463-4ABD-BADE-E67DDC4213B6}
		{0DC744DA-D875-4571-B03A-B6D753C69817} = {7B840FDF-4463-4ABD-BADE-E67DDC4213B6}
		{4C97994A-537B-427A-AEAB-D679EA0B9D5F} = {50F192AA-A378-42AE-BA9E-D732B9A3B726}
		{3BAFEC86-C7FF-4AF6-A577-D116619A466E} = {50F192AA-A378-42AE-BA9E-D732B9A3B726}
	EndGlobalSection
EndGlobal
